lockfileVersion: '9.0'

settings:
  autoInstallPeers: true
  excludeLinksFromLockfile: false

importers:

  .:
    devDependencies:
      '@biomejs/biome':
        specifier: 2.1.2
        version: 2.1.2
      '@types/node':
        specifier: 20.10.6
        version: 20.10.6
      turbo:
        specifier: 2.5.5
        version: 2.5.5
      typescript:
        specifier: 5.3.3
        version: 5.3.3

  packages/admin: {}

  packages/api:
    dependencies:
      '@care-package/shared':
        specifier: workspace:*
        version: link:../shared
      '@hono/node-server':
        specifier: 1.14.0
        version: 1.14.0(hono@4.6.18)
      '@types/node':
        specifier: 22.10.7
        version: 22.10.7
      hono:
        specifier: 4.6.18
        version: 4.6.18
      tsx:
        specifier: 4.20.3
        version: 4.20.3
      typescript:
        specifier: 5.7.3
        version: 5.7.3

  packages/shared:
    dependencies:
      '@types/node':
        specifier: 22.10.7
        version: 22.10.7
      typescript:
        specifier: 5.7.3
        version: 5.7.3

  packages/store-admin: {}

  packages/store-site: {}

packages:

  '@biomejs/biome@2.1.2':
    resolution: {integrity: sha512-yq8ZZuKuBVDgAS76LWCfFKHSYIAgqkxVB3mGVVpOe2vSkUTs7xG46zXZeNPRNVjiJuw0SZ3+J2rXiYx0RUpfGg==}
    engines: {node: '>=14.21.3'}
    hasBin: true

  '@biomejs/cli-darwin-arm64@2.1.2':
    resolution: {integrity: sha512-leFAks64PEIjc7MY/cLjE8u5OcfBKkcDB0szxsWUB4aDfemBep1WVKt0qrEyqZBOW8LPHzrFMyDl3FhuuA0E7g==}
    engines: {node: '>=14.21.3'}
    cpu: [arm64]
    os: [darwin]

  '@biomejs/cli-darwin-x64@2.1.2':
    resolution: {integrity: sha512-Nmmv7wRX5Nj7lGmz0FjnWdflJg4zii8Ivruas6PBKzw5SJX/q+Zh2RfnO+bBnuKLXpj8kiI2x2X12otpH6a32A==}
    engines: {node: '>=14.21.3'}
    cpu: [x64]
    os: [darwin]

  '@biomejs/cli-linux-arm64-musl@2.1.2':
    resolution: {integrity: sha512-qgHvafhjH7Oca114FdOScmIKf1DlXT1LqbOrrbR30kQDLFPEOpBG0uzx6MhmsrmhGiCFCr2obDamu+czk+X0HQ==}
    engines: {node: '>=14.21.3'}
    cpu: [arm64]
    os: [linux]

  '@biomejs/cli-linux-arm64@2.1.2':
    resolution: {integrity: sha512-NWNy2Diocav61HZiv2enTQykbPP/KrA/baS7JsLSojC7Xxh2nl9IczuvE5UID7+ksRy2e7yH7klm/WkA72G1dw==}
    engines: {node: '>=14.21.3'}
    cpu: [arm64]
    os: [linux]

  '@biomejs/cli-linux-x64-musl@2.1.2':
    resolution: {integrity: sha512-xlB3mU14ZUa3wzLtXfmk2IMOGL+S0aHFhSix/nssWS/2XlD27q+S6f0dlQ8WOCbYoXcuz8BCM7rCn2lxdTrlQA==}
    engines: {node: '>=14.21.3'}
    cpu: [x64]
    os: [linux]

  '@biomejs/cli-linux-x64@2.1.2':
    resolution: {integrity: sha512-Km/UYeVowygTjpX6sGBzlizjakLoMQkxWbruVZSNE6osuSI63i4uCeIL+6q2AJlD3dxoiBJX70dn1enjQnQqwA==}
    engines: {node: '>=14.21.3'}
    cpu: [x64]
    os: [linux]

  '@biomejs/cli-win32-arm64@2.1.2':
    resolution: {integrity: sha512-G8KWZli5ASOXA3yUQgx+M4pZRv3ND16h77UsdunUL17uYpcL/UC7RkWTdkfvMQvogVsAuz5JUcBDjgZHXxlKoA==}
    engines: {node: '>=14.21.3'}
    cpu: [arm64]
    os: [win32]

  '@biomejs/cli-win32-x64@2.1.2':
    resolution: {integrity: sha512-9zajnk59PMpjBkty3bK2IrjUsUHvqe9HWwyAWQBjGLE7MIBjbX2vwv1XPEhmO2RRuGoTkVx3WCanHrjAytICLA==}
    engines: {node: '>=14.21.3'}
    cpu: [x64]
    os: [win32]

  '@esbuild/aix-ppc64@0.25.7':
    resolution: {integrity: sha512-uD0kKFHh6ETr8TqEtaAcV+dn/2qnYbH/+8wGEdY70Qf7l1l/jmBUbrmQqwiPKAQE6cOQ7dTj6Xr0HzQDGHyceQ==}
    engines: {node: '>=18'}
    cpu: [ppc64]
    os: [aix]

  '@esbuild/android-arm64@0.25.7':
    resolution: {integrity: sha512-p0ohDnwyIbAtztHTNUTzN5EGD/HJLs1bwysrOPgSdlIA6NDnReoVfoCyxG6W1d85jr2X80Uq5KHftyYgaK9LPQ==}
    engines: {node: '>=18'}
    cpu: [arm64]
    os: [android]

  '@esbuild/android-arm@0.25.7':
    resolution: {integrity: sha512-Jhuet0g1k9rAJHrXGIh7sFknFuT4sfytYZpZpuZl7YKDhnPByVAm5oy2LEBmMbuYf3ejWVYCc2seX81Mk+madA==}
    engines: {node: '>=18'}
    cpu: [arm]
    os: [android]

  '@esbuild/android-x64@0.25.7':
    resolution: {integrity: sha512-mMxIJFlSgVK23HSsII3ZX9T2xKrBCDGyk0qiZnIW10LLFFtZLkFD6imZHu7gUo2wkNZwS9Yj3mOtZD3ZPcjCcw==}
    engines: {node: '>=18'}
    cpu: [x64]
    os: [android]

  '@esbuild/darwin-arm64@0.25.7':
    resolution: {integrity: sha512-jyOFLGP2WwRwxM8F1VpP6gcdIJc8jq2CUrURbbTouJoRO7XCkU8GdnTDFIHdcifVBT45cJlOYsZ1kSlfbKjYUQ==}
    engines: {node: '>=18'}
    cpu: [arm64]
    os: [darwin]

  '@esbuild/darwin-x64@0.25.7':
    resolution: {integrity: sha512-m9bVWqZCwQ1BthruifvG64hG03zzz9gE2r/vYAhztBna1/+qXiHyP9WgnyZqHgGeXoimJPhAmxfbeU+nMng6ZA==}
    engines: {node: '>=18'}
    cpu: [x64]
    os: [darwin]

  '@esbuild/freebsd-arm64@0.25.7':
    resolution: {integrity: sha512-Bss7P4r6uhr3kDzRjPNEnTm/oIBdTPRNQuwaEFWT/uvt6A1YzK/yn5kcx5ZxZ9swOga7LqeYlu7bDIpDoS01bA==}
    engines: {node: '>=18'}
    cpu: [arm64]
    os: [freebsd]

  '@esbuild/freebsd-x64@0.25.7':
    resolution: {integrity: sha512-S3BFyjW81LXG7Vqmr37ddbThrm3A84yE7ey/ERBlK9dIiaWgrjRlre3pbG7txh1Uaxz8N7wGGQXmC9zV+LIpBQ==}
    engines: {node: '>=18'}
    cpu: [x64]
    os: [freebsd]

  '@esbuild/linux-arm64@0.25.7':
    resolution: {integrity: sha512-HfQZQqrNOfS1Okn7PcsGUqHymL1cWGBslf78dGvtrj8q7cN3FkapFgNA4l/a5lXDwr7BqP2BSO6mz9UremNPbg==}
    engines: {node: '>=18'}
    cpu: [arm64]
    os: [linux]

  '@esbuild/linux-arm@0.25.7':
    resolution: {integrity: sha512-JZMIci/1m5vfQuhKoFXogCKVYVfYQmoZJg8vSIMR4TUXbF+0aNlfXH3DGFEFMElT8hOTUF5hisdZhnrZO/bkDw==}
    engines: {node: '>=18'}
    cpu: [arm]
    os: [linux]

  '@esbuild/linux-ia32@0.25.7':
    resolution: {integrity: sha512-9Jex4uVpdeofiDxnwHRgen+j6398JlX4/6SCbbEFEXN7oMO2p0ueLN+e+9DdsdPLUdqns607HmzEFnxwr7+5wQ==}
    engines: {node: '>=18'}
    cpu: [ia32]
    os: [linux]

  '@esbuild/linux-loong64@0.25.7':
    resolution: {integrity: sha512-TG1KJqjBlN9IHQjKVUYDB0/mUGgokfhhatlay8aZ/MSORMubEvj/J1CL8YGY4EBcln4z7rKFbsH+HeAv0d471w==}
    engines: {node: '>=18'}
    cpu: [loong64]
    os: [linux]

  '@esbuild/linux-mips64el@0.25.7':
    resolution: {integrity: sha512-Ty9Hj/lx7ikTnhOfaP7ipEm/ICcBv94i/6/WDg0OZ3BPBHhChsUbQancoWYSO0WNkEiSW5Do4febTTy4x1qYQQ==}
    engines: {node: '>=18'}
    cpu: [mips64el]
    os: [linux]

  '@esbuild/linux-ppc64@0.25.7':
    resolution: {integrity: sha512-MrOjirGQWGReJl3BNQ58BLhUBPpWABnKrnq8Q/vZWWwAB1wuLXOIxS2JQ1LT3+5T+3jfPh0tyf5CpbyQHqnWIQ==}
    engines: {node: '>=18'}
    cpu: [ppc64]
    os: [linux]

  '@esbuild/linux-riscv64@0.25.7':
    resolution: {integrity: sha512-9pr23/pqzyqIZEZmQXnFyqp3vpa+KBk5TotfkzGMqpw089PGm0AIowkUppHB9derQzqniGn3wVXgck19+oqiOw==}
    engines: {node: '>=18'}
    cpu: [riscv64]
    os: [linux]

  '@esbuild/linux-s390x@0.25.7':
    resolution: {integrity: sha512-4dP11UVGh9O6Y47m8YvW8eoA3r8qL2toVZUbBKyGta8j6zdw1cn9F/Rt59/Mhv0OgY68pHIMjGXWOUaykCnx+w==}
    engines: {node: '>=18'}
    cpu: [s390x]
    os: [linux]

  '@esbuild/linux-x64@0.25.7':
    resolution: {integrity: sha512-ghJMAJTdw/0uhz7e7YnpdX1xVn7VqA0GrWrAO2qKMuqbvgHT2VZiBv1BQ//VcHsPir4wsL3P2oPggfKPzTKoCA==}
    engines: {node: '>=18'}
    cpu: [x64]
    os: [linux]

  '@esbuild/netbsd-arm64@0.25.7':
    resolution: {integrity: sha512-bwXGEU4ua45+u5Ci/a55B85KWaDSRS8NPOHtxy2e3etDjbz23wlry37Ffzapz69JAGGc4089TBo+dGzydQmydg==}
    engines: {node: '>=18'}
    cpu: [arm64]
    os: [netbsd]

  '@esbuild/netbsd-x64@0.25.7':
    resolution: {integrity: sha512-tUZRvLtgLE5OyN46sPSYlgmHoBS5bx2URSrgZdW1L1teWPYVmXh+QN/sKDqkzBo/IHGcKcHLKDhBeVVkO7teEA==}
    engines: {node: '>=18'}
    cpu: [x64]
    os: [netbsd]

  '@esbuild/openbsd-arm64@0.25.7':
    resolution: {integrity: sha512-bTJ50aoC+WDlDGBReWYiObpYvQfMjBNlKztqoNUL0iUkYtwLkBQQeEsTq/I1KyjsKA5tyov6VZaPb8UdD6ci6Q==}
    engines: {node: '>=18'}
    cpu: [arm64]
    os: [openbsd]

  '@esbuild/openbsd-x64@0.25.7':
    resolution: {integrity: sha512-TA9XfJrgzAipFUU895jd9j2SyDh9bbNkK2I0gHcvqb/o84UeQkBpi/XmYX3cO1q/9hZokdcDqQxIi6uLVrikxg==}
    engines: {node: '>=18'}
    cpu: [x64]
    os: [openbsd]

  '@esbuild/openharmony-arm64@0.25.7':
    resolution: {integrity: sha512-5VTtExUrWwHHEUZ/N+rPlHDwVFQ5aME7vRJES8+iQ0xC/bMYckfJ0l2n3yGIfRoXcK/wq4oXSItZAz5wslTKGw==}
    engines: {node: '>=18'}
    cpu: [arm64]
    os: [openharmony]

  '@esbuild/sunos-x64@0.25.7':
    resolution: {integrity: sha512-umkbn7KTxsexhv2vuuJmj9kggd4AEtL32KodkJgfhNOHMPtQ55RexsaSrMb+0+jp9XL4I4o2y91PZauVN4cH3A==}
    engines: {node: '>=18'}
    cpu: [x64]
    os: [sunos]

  '@esbuild/win32-arm64@0.25.7':
    resolution: {integrity: sha512-j20JQGP/gz8QDgzl5No5Gr4F6hurAZvtkFxAKhiv2X49yi/ih8ECK4Y35YnjlMogSKJk931iNMcd35BtZ4ghfw==}
    engines: {node: '>=18'}
    cpu: [arm64]
    os: [win32]

  '@esbuild/win32-ia32@0.25.7':
    resolution: {integrity: sha512-4qZ6NUfoiiKZfLAXRsvFkA0hoWVM+1y2bSHXHkpdLAs/+r0LgwqYohmfZCi985c6JWHhiXP30mgZawn/XrqAkQ==}
    engines: {node: '>=18'}
    cpu: [ia32]
    os: [win32]

  '@esbuild/win32-x64@0.25.7':
    resolution: {integrity: sha512-FaPsAHTwm+1Gfvn37Eg3E5HIpfR3i6x1AIcla/MkqAIupD4BW3MrSeUqfoTzwwJhk3WE2/KqUn4/eenEJC76VA==}
    engines: {node: '>=18'}
    cpu: [x64]
    os: [win32]

  '@hono/node-server@1.14.0':
    resolution: {integrity: sha512-YUCxJwgHRKSqjrdTk9e4VMGKN27MK5r4+MGPyZTgKH+IYbK+KtYbHeOcPGJ91KGGD6RIQiz2dAHxvjauNhOS8g==}
    engines: {node: '>=18.14.1'}
    peerDependencies:
      hono: ^4

  '@types/node@20.10.6':
    resolution: {integrity: sha512-Vac8H+NlRNNlAmDfGUP7b5h/KA+AtWIzuXy0E6OyP8f1tCLYAtPvKRRDJjAPqhpCb0t6U2j7/xqAuLEebW2kiw==}

  '@types/node@22.10.7':
    resolution: {integrity: sha512-V09KvXxFiutGp6B7XkpaDXlNadZxrzajcY50EuoLIpQ6WWYCSvf19lVIazzfIzQvhUN2HjX12spLojTnhuKlGg==}

  esbuild@0.25.7:
    resolution: {integrity: sha512-daJB0q2dmTzo90L9NjRaohhRWrCzYxWNFTjEi72/h+p5DcY3yn4MacWfDakHmaBaDzDiuLJsCh0+6LK/iX+c+Q==}
    engines: {node: '>=18'}
    hasBin: true

  fsevents@2.3.3:
    resolution: {integrity: sha512-5xoDfX+fL7faATnagmWPpbFtwh/R77WmMMqqHGS65C3vvB0YHrgF+B1YmZ3441tMj5n63k0212XNoJwzlhffQw==}
    engines: {node: ^8.16.0 || ^10.6.0 || >=11.0.0}
    os: [darwin]

  get-tsconfig@4.10.1:
    resolution: {integrity: sha512-auHyJ4AgMz7vgS8Hp3N6HXSmlMdUyhSUrfBF16w153rxtLIEOE+HGqaBppczZvnHLqQJfiHotCYpNhl0lUROFQ==}

  hono@4.6.18:
    resolution: {integrity: sha512-Fu7hEPvdwtPG8LqSAiPn8p8HjD+PDxrP/HVnwRBnwtVKOn5zDDKsw0ma2Xt58oq97Rlp3t/mRNADEV/Ym6cDng==}
    engines: {node: '>=16.9.0'}

  resolve-pkg-maps@1.0.0:
    resolution: {integrity: sha512-seS2Tj26TBVOC2NIc2rOe2y2ZO7efxITtLZcGSOnHHNOQ7CkiUBfw0Iw2ck6xkIhPwLhKNLS8BO+hEpngQlqzw==}

  tsx@4.20.3:
    resolution: {integrity: sha512-qjbnuR9Tr+FJOMBqJCW5ehvIo/buZq7vH7qD7JziU98h6l3qGy0a/yPFjwO+y0/T7GFpNgNAvEcPPVfyT8rrPQ==}
    engines: {node: '>=18.0.0'}
    hasBin: true

  turbo-darwin-64@2.5.5:
    resolution: {integrity: sha512-RYnTz49u4F5tDD2SUwwtlynABNBAfbyT2uU/brJcyh5k6lDLyNfYKdKmqd3K2ls4AaiALWrFKVSBsiVwhdFNzQ==}
    cpu: [x64]
    os: [darwin]

  turbo-darwin-arm64@2.5.5:
    resolution: {integrity: sha512-Tk+ZeSNdBobZiMw9aFypQt0DlLsWSFWu1ymqsAdJLuPoAH05qCfYtRxE1pJuYHcJB5pqI+/HOxtJoQ40726Btw==}
    cpu: [arm64]
    os: [darwin]

  turbo-linux-64@2.5.5:
    resolution: {integrity: sha512-2/XvMGykD7VgsvWesZZYIIVXMlgBcQy+ZAryjugoTcvJv8TZzSU/B1nShcA7IAjZ0q7OsZ45uP2cOb8EgKT30w==}
    cpu: [x64]
    os: [linux]

  turbo-linux-arm64@2.5.5:
    resolution: {integrity: sha512-DW+8CjCjybu0d7TFm9dovTTVg1VRnlkZ1rceO4zqsaLrit3DgHnN4to4uwyuf9s2V/BwS3IYcRy+HG9BL596Iw==}
    cpu: [arm64]
    os: [linux]

  turbo-windows-64@2.5.5:
    resolution: {integrity: sha512-q5p1BOy8ChtSZfULuF1BhFMYIx6bevXu4fJ+TE/hyNfyHJIfjl90Z6jWdqAlyaFLmn99X/uw+7d6T/Y/dr5JwQ==}
    cpu: [x64]
    os: [win32]

  turbo-windows-arm64@2.5.5:
    resolution: {integrity: sha512-AXbF1KmpHUq3PKQwddMGoKMYhHsy5t1YBQO8HZ04HLMR0rWv9adYlQ8kaeQJTko1Ay1anOBFTqaxfVOOsu7+1Q==}
    cpu: [arm64]
    os: [win32]

  turbo@2.5.5:
    resolution: {integrity: sha512-eZ7wI6KjtT1eBqCnh2JPXWNUAxtoxxfi6VdBdZFvil0ychCOTxbm7YLRBi1JSt7U3c+u3CLxpoPxLdvr/Npr3A==}
    hasBin: true

  typescript@5.3.3:
    resolution: {integrity: sha512-pXWcraxM0uxAS+tN0AG/BF2TyqmHO014Z070UsJ+pFvYuRSq8KH8DmWpnbXe0pEPDHXZV3FcAbJkijJ5oNEnWw==}
    engines: {node: '>=14.17'}
    hasBin: true

  typescript@5.7.3:
    resolution: {integrity: sha512-84MVSjMEHP+FQRPy3pX9sTVV/INIex71s9TL2Gm5FG/WG1SqXeKyZ0k7/blY/4FdOzI12CBy1vGc4og/eus0fw==}
    engines: {node: '>=14.17'}
    hasBin: true

  undici-types@5.26.5:
    resolution: {integrity: sha512-JlCMO+ehdEIKqlFxk6IfVoAUVmgz7cU7zD/h9XZ0qzeosSHmUJVOzSQvvYSYWXkFXC+IfLKSIffhv0sVZup6pA==}

  undici-types@6.20.0:
    resolution: {integrity: sha512-Ny6QZ2Nju20vw1SRHe3d9jVu6gJ+4e3+MMpqu7pqE5HT6WsTSlce++GQmK5UXS8mzV8DSYHrQH+Xrf2jVcuKNg==}

snapshots:

  '@biomejs/biome@2.1.2':
    optionalDependencies:
      '@biomejs/cli-darwin-arm64': 2.1.2
      '@biomejs/cli-darwin-x64': 2.1.2
      '@biomejs/cli-linux-arm64': 2.1.2
      '@biomejs/cli-linux-arm64-musl': 2.1.2
      '@biomejs/cli-linux-x64': 2.1.2
      '@biomejs/cli-linux-x64-musl': 2.1.2
      '@biomejs/cli-win32-arm64': 2.1.2
      '@biomejs/cli-win32-x64': 2.1.2

  '@biomejs/cli-darwin-arm64@2.1.2':
    optional: true

  '@biomejs/cli-darwin-x64@2.1.2':
    optional: true

  '@biomejs/cli-linux-arm64-musl@2.1.2':
    optional: true

  '@biomejs/cli-linux-arm64@2.1.2':
    optional: true

  '@biomejs/cli-linux-x64-musl@2.1.2':
    optional: true

  '@biomejs/cli-linux-x64@2.1.2':
    optional: true

  '@biomejs/cli-win32-arm64@2.1.2':
    optional: true

  '@biomejs/cli-win32-x64@2.1.2':
    optional: true

  '@esbuild/aix-ppc64@0.25.7':
    optional: true

  '@esbuild/android-arm64@0.25.7':
    optional: true

  '@esbuild/android-arm@0.25.7':
    optional: true

  '@esbuild/android-x64@0.25.7':
    optional: true

  '@esbuild/darwin-arm64@0.25.7':
    optional: true

  '@esbuild/darwin-x64@0.25.7':
    optional: true

  '@esbuild/freebsd-arm64@0.25.7':
    optional: true

  '@esbuild/freebsd-x64@0.25.7':
    optional: true

  '@esbuild/linux-arm64@0.25.7':
    optional: true

  '@esbuild/linux-arm@0.25.7':
    optional: true

  '@esbuild/linux-ia32@0.25.7':
    optional: true

  '@esbuild/linux-loong64@0.25.7':
    optional: true

  '@esbuild/linux-mips64el@0.25.7':
    optional: true

  '@esbuild/linux-ppc64@0.25.7':
    optional: true

  '@esbuild/linux-riscv64@0.25.7':
    optional: true

  '@esbuild/linux-s390x@0.25.7':
    optional: true

  '@esbuild/linux-x64@0.25.7':
    optional: true

  '@esbuild/netbsd-arm64@0.25.7':
    optional: true

  '@esbuild/netbsd-x64@0.25.7':
    optional: true

  '@esbuild/openbsd-arm64@0.25.7':
    optional: true

  '@esbuild/openbsd-x64@0.25.7':
    optional: true

  '@esbuild/openharmony-arm64@0.25.7':
    optional: true

  '@esbuild/sunos-x64@0.25.7':
    optional: true

  '@esbuild/win32-arm64@0.25.7':
    optional: true

  '@esbuild/win32-ia32@0.25.7':
    optional: true

  '@esbuild/win32-x64@0.25.7':
    optional: true

  '@hono/node-server@1.14.0(hono@4.6.18)':
    dependencies:
      hono: 4.6.18

  '@types/node@20.10.6':
    dependencies:
      undici-types: 5.26.5

  '@types/node@22.10.7':
    dependencies:
      undici-types: 6.20.0

  esbuild@0.25.7:
    optionalDependencies:
      '@esbuild/aix-ppc64': 0.25.7
      '@esbuild/android-arm': 0.25.7
      '@esbuild/android-arm64': 0.25.7
      '@esbuild/android-x64': 0.25.7
      '@esbuild/darwin-arm64': 0.25.7
      '@esbuild/darwin-x64': 0.25.7
      '@esbuild/freebsd-arm64': 0.25.7
      '@esbuild/freebsd-x64': 0.25.7
      '@esbuild/linux-arm': 0.25.7
      '@esbuild/linux-arm64': 0.25.7
      '@esbuild/linux-ia32': 0.25.7
      '@esbuild/linux-loong64': 0.25.7
      '@esbuild/linux-mips64el': 0.25.7
      '@esbuild/linux-ppc64': 0.25.7
      '@esbuild/linux-riscv64': 0.25.7
      '@esbuild/linux-s390x': 0.25.7
      '@esbuild/linux-x64': 0.25.7
      '@esbuild/netbsd-arm64': 0.25.7
      '@esbuild/netbsd-x64': 0.25.7
      '@esbuild/openbsd-arm64': 0.25.7
      '@esbuild/openbsd-x64': 0.25.7
      '@esbuild/openharmony-arm64': 0.25.7
      '@esbuild/sunos-x64': 0.25.7
      '@esbuild/win32-arm64': 0.25.7
      '@esbuild/win32-ia32': 0.25.7
      '@esbuild/win32-x64': 0.25.7

  fsevents@2.3.3:
    optional: true

  get-tsconfig@4.10.1:
    dependencies:
      resolve-pkg-maps: 1.0.0

  hono@4.6.18: {}

  resolve-pkg-maps@1.0.0: {}

  tsx@4.20.3:
    dependencies:
      esbuild: 0.25.7
      get-tsconfig: 4.10.1
    optionalDependencies:
      fsevents: 2.3.3

  turbo-darwin-64@2.5.5:
    optional: true

  turbo-darwin-arm64@2.5.5:
    optional: true

  turbo-linux-64@2.5.5:
    optional: true

  turbo-linux-arm64@2.5.5:
    optional: true

  turbo-windows-64@2.5.5:
    optional: true

  turbo-windows-arm64@2.5.5:
    optional: true

  turbo@2.5.5:
    optionalDependencies:
      turbo-darwin-64: 2.5.5
      turbo-darwin-arm64: 2.5.5
      turbo-linux-64: 2.5.5
      turbo-linux-arm64: 2.5.5
      turbo-windows-64: 2.5.5
      turbo-windows-arm64: 2.5.5

  typescript@5.3.3: {}

  typescript@5.7.3: {}

  undici-types@5.26.5: {}

  undici-types@6.20.0: {}
